# THIS IS AN AUTOGENERATED FILE. DO NOT EDIT THIS FILE DIRECTLY.
# yarn lockfile v1


"@babel/parser@^7.23.5":
  version "7.23.6"
  resolved "https://registry.yarnpkg.com/@babel/parser/-/parser-7.23.6.tgz#ba1c9e512bda72a47e285ae42aff9d2a635a9e3b"
  integrity sha512-Z2uID7YJ7oNvAI20O9X0bblw7Qqs8Q2hFy0R9tAfnfLkp5MW0UH9eUvnDSnFwKZ0AvgS1ucqR4KzvVHgnke1VQ==

"@jridgewell/gen-mapping@^0.3.0":
  version "0.3.3"
  resolved "https://registry.yarnpkg.com/@jridgewell/gen-mapping/-/gen-mapping-0.3.3.tgz#7e02e6eb5df901aaedb08514203b096614024098"
  integrity sha512-HLhSWOLRi875zjjMG/r+Nv0oCW8umGb0BgEhyX3dDX3egwZtB8PqLnjz3yedt8R5StBrzcg4aBpnh8UA9D1BoQ==
  dependencies:
    "@jridgewell/set-array" "^1.0.1"
    "@jridgewell/sourcemap-codec" "^1.4.10"
    "@jridgewell/trace-mapping" "^0.3.9"

"@jridgewell/resolve-uri@^3.1.0":
  version "3.1.1"
  resolved "https://registry.yarnpkg.com/@jridgewell/resolve-uri/-/resolve-uri-3.1.1.tgz#c08679063f279615a3326583ba3a90d1d82cc721"
  integrity sha512-dSYZh7HhCDtCKm4QakX0xFpsRDqjjtZf/kjI/v3T3Nwt5r8/qz/M19F9ySyOqU94SXBmeG9ttTul+YnR4LOxFA==

"@jridgewell/set-array@^1.0.1":
  version "1.1.2"
  resolved "https://registry.yarnpkg.com/@jridgewell/set-array/-/set-array-1.1.2.tgz#7c6cf998d6d20b914c0a55a91ae928ff25965e72"
  integrity sha512-xnkseuNADM0gt2bs+BvhO0p78Mk762YnZdsuzFV018NoG1Sj1SCQvpSqa7XUaTam5vAGasABV9qXASMKnFMwMw==

"@jridgewell/source-map@^0.3.3":
  version "0.3.5"
  resolved "https://registry.yarnpkg.com/@jridgewell/source-map/-/source-map-0.3.5.tgz#a3bb4d5c6825aab0d281268f47f6ad5853431e91"
  integrity sha512-UTYAUj/wviwdsMfzoSJspJxbkH5o1snzwX0//0ENX1u/55kkZZkcTZP6u9bwKGkv+dkk9at4m1Cpt0uY80kcpQ==
  dependencies:
    "@jridgewell/gen-mapping" "^0.3.0"
    "@jridgewell/trace-mapping" "^0.3.9"

"@jridgewell/sourcemap-codec@^1.4.10", "@jridgewell/sourcemap-codec@^1.4.14", "@jridgewell/sourcemap-codec@^1.4.15":
  version "1.4.15"
  resolved "https://registry.yarnpkg.com/@jridgewell/sourcemap-codec/-/sourcemap-codec-1.4.15.tgz#d7c6e6755c78567a951e04ab52ef0fd26de59f32"
  integrity sha512-eF2rxCRulEKXHTRiDrDy6erMYWqNw4LPdQ8UQA4huuxaQsVeRPFl2oM8oDGxMFhJUWZf9McpLtJasDDZb/Bpeg==

"@jridgewell/trace-mapping@^0.3.17", "@jridgewell/trace-mapping@^0.3.9":
  version "0.3.20"
  resolved "https://registry.yarnpkg.com/@jridgewell/trace-mapping/-/trace-mapping-0.3.20.tgz#72e45707cf240fa6b081d0366f8265b0cd10197f"
  integrity sha512-R8LcPeWZol2zR8mmH3JeKQ6QRCFb7XgUhV9ZlGhHLGyg4wpPiPZNQOOWhFZhxKw8u//yTbNGI42Bx/3paXEQ+Q==
  dependencies:
    "@jridgewell/resolve-uri" "^3.1.0"
    "@jridgewell/sourcemap-codec" "^1.4.14"

"@rsbuild/core@0.2.9":
  version "0.2.9"
  resolved "https://registry.yarnpkg.com/@rsbuild/core/-/core-0.2.9.tgz#986bc5ca8a21ef1bc4aa27ba2a31288c92315fe9"
  integrity sha512-JaYqAZ+uqa+PnyF0z5snCY+5/8YeiJgLJLSDyFI9HocCCpKSp7ghy1LhEyZZs3y2KbMnYQf0ttsO82CE7FL0hg==
  dependencies:
    "@rsbuild/shared" "0.2.9"
    "@rspack/core" "0.4.4"
    core-js "~3.32.2"
    html-webpack-plugin "npm:html-rspack-plugin@5.6.0"
    postcss "8.4.31"

"@rsbuild/plugin-vue@0.2.9":
  version "0.2.9"
  resolved "https://registry.yarnpkg.com/@rsbuild/plugin-vue/-/plugin-vue-0.2.9.tgz#c3f5a0da39e635086f753f69e7fa3f6124753d21"
  integrity sha512-a8x/VRmMaYSa/JmQOA96VxWkxNPLMH5/tZEhEUpzI2ddljoN1p1FU0jPzSRzXsRC45yNVY+eF7oIgp9R5GNP4w==
  dependencies:
    "@rsbuild/shared" "0.2.9"
    vue-loader "^17.2.2"
    webpack "^5.89.0"

"@rsbuild/shared@0.2.9":
  version "0.2.9"
  resolved "https://registry.yarnpkg.com/@rsbuild/shared/-/shared-0.2.9.tgz#0491b03abf9ed6acbb00f30d817fb9d416cdbe05"
  integrity sha512-PQApuE3aKvSt+giwAF16iMjBMsr1wTcg2fYCyp9xSXt3L0LK146vJ4x+7Dq7U3cQ3/7HpOOv0ZzUyst4LQBdLg==
  dependencies:
    "@rspack/core" "0.4.4"
    caniuse-lite "^1.0.30001559"
    lodash "^4.17.21"
    postcss "8.4.31"

"@rspack/binding-darwin-arm64@0.4.4":
  version "0.4.4"
  resolved "https://registry.yarnpkg.com/@rspack/binding-darwin-arm64/-/binding-darwin-arm64-0.4.4.tgz#ecabeb41127382a48907659c8b420edf702eef64"
  integrity sha512-40HUmnT/zHBcajcdTtIzorI1zpGZCpJBnis2rR3DzmBnD1fDLgu7PcW7iE11/MPmdwOYAZbCSzTZwe8hv0Skxw==

"@rspack/binding-darwin-x64@0.4.4":
  version "0.4.4"
  resolved "https://registry.yarnpkg.com/@rspack/binding-darwin-x64/-/binding-darwin-x64-0.4.4.tgz#934d6c88a77972f39d4a7ea1aab4b9b4cf1bb05d"
  integrity sha512-8vXoqA0S+D7LnwGAsO5dEpxKV3np/iONPvwRhVl2cBtsFKYmnh3jG0oxtDamCUUw38Jc3VZQTeH7kUt5F8HB5g==

"@rspack/binding-linux-arm64-gnu@0.4.4":
  version "0.4.4"
  resolved "https://registry.yarnpkg.com/@rspack/binding-linux-arm64-gnu/-/binding-linux-arm64-gnu-0.4.4.tgz#52a84a365bc52f832fe0e2f5095694bba01d89c7"
  integrity sha512-lmLy9W14WcVjI1PuZVeq0TAGNFoeYjQswQHl0KCDURcxaBbVqGcNjPovhbib+5w9Gj4jQqqnVIUHs86vIqDwHQ==

"@rspack/binding-linux-arm64-musl@0.4.4":
  version "0.4.4"
  resolved "https://registry.yarnpkg.com/@rspack/binding-linux-arm64-musl/-/binding-linux-arm64-musl-0.4.4.tgz#cb739262fe110a98417a787cf50a583e5c12fba0"
  integrity sha512-wnranY+QPbGzrkfNneZkq839imrt+pfup1RpynfgrvjiWApDwvagTi9S8M7Og3u9m1CmJDrBq6yXgy4ffweygQ==

"@rspack/binding-linux-x64-gnu@0.4.4":
  version "0.4.4"
  resolved "https://registry.yarnpkg.com/@rspack/binding-linux-x64-gnu/-/binding-linux-x64-gnu-0.4.4.tgz#f374c6df0ea40f73daff3947795ab9e87bfd7588"
  integrity sha512-J0n+91NL9quEWYaStFitXC3+rbM+wklxCEHvkwfuzC46fGcG9673aTVfcrod1fx2jTHHaftXKb5Hpru77W0JAA==

"@rspack/binding-linux-x64-musl@0.4.4":
  version "0.4.4"
  resolved "https://registry.yarnpkg.com/@rspack/binding-linux-x64-musl/-/binding-linux-x64-musl-0.4.4.tgz#87bb9c672b69d4a1d1f71ad3abf67137dba8fd26"
  integrity sha512-ulIhvLzimHB5Ggp9TRJEFvyak/7OPzeVxFdP8nYNBHzPoYiqnK2MQUVOK7CT2hTpco1QJbh3jZTZxzdKIY5asw==

"@rspack/binding-win32-arm64-msvc@0.4.4":
  version "0.4.4"
  resolved "https://registry.yarnpkg.com/@rspack/binding-win32-arm64-msvc/-/binding-win32-arm64-msvc-0.4.4.tgz#ba5286ea74fd99ab2cde66532f8e65b7b11db695"
  integrity sha512-t4u3jlx+0LDOY7Y8m9tLDHAsPN9aiyz/5NDHKqdDeke5NJZ2A4jbv+h/dvcyGH+Nxj056XW1aa9wzvzT9jb//A==

"@rspack/binding-win32-ia32-msvc@0.4.4":
  version "0.4.4"
  resolved "https://registry.yarnpkg.com/@rspack/binding-win32-ia32-msvc/-/binding-win32-ia32-msvc-0.4.4.tgz#7bb30955848eded381424be4ba99453a650f1644"
  integrity sha512-ijw4bmB8Zh8BkawPqIc8Q7VWr6bSw9trMqTtXwHrXAyKYCdyXMCYsGnj7Rc6CKKrV6D6nsDXtA8ANFqoKCuvyw==

"@rspack/binding-win32-x64-msvc@0.4.4":
  version "0.4.4"
  resolved "https://registry.yarnpkg.com/@rspack/binding-win32-x64-msvc/-/binding-win32-x64-msvc-0.4.4.tgz#985f5d933c33fc8caa10419fca1a9eaeac773eb2"
  integrity sha512-jpJPjfNTEbHBCOuZotXhpBpR0C1jTvHh6wlgPjP286JXaAhGv/PEzriuRdXw0RSet1tf1vqn/V4lFU5hZbXZIA==

"@rspack/binding@0.4.4":
  version "0.4.4"
  resolved "https://registry.yarnpkg.com/@rspack/binding/-/binding-0.4.4.tgz#3dc1da11ae39b760ba08287096e77b75e25d3c39"
  integrity sha512-CrZH2Vpf4Axi23GlD8qesyxmpplkYo6o5MlPuUtqNGrIA3JpPSRtBVLOE1NsMZ3+hnDHJ5GWtWoWkEB0p3beBA==
  optionalDependencies:
    "@rspack/binding-darwin-arm64" "0.4.4"
    "@rspack/binding-darwin-x64" "0.4.4"
    "@rspack/binding-linux-arm64-gnu" "0.4.4"
    "@rspack/binding-linux-arm64-musl" "0.4.4"
    "@rspack/binding-linux-x64-gnu" "0.4.4"
    "@rspack/binding-linux-x64-musl" "0.4.4"
    "@rspack/binding-win32-arm64-msvc" "0.4.4"
    "@rspack/binding-win32-ia32-msvc" "0.4.4"
    "@rspack/binding-win32-x64-msvc" "0.4.4"

"@rspack/core@0.4.4":
  version "0.4.4"
  resolved "https://registry.yarnpkg.com/@rspack/core/-/core-0.4.4.tgz#b26c49a618822112436c77f50fa45164e3f9f843"
  integrity sha512-SL6g6ZPPOqPI1wuQrZlSXD73HUg7GO5+wFRSATRak9hZ3wzSvYmD0kRGSCc6Kpndn21pmMLeOXNHbk2bL+x37g==
  dependencies:
    "@rspack/binding" "0.4.4"
    "@swc/helpers" "0.5.1"
    browserslist "^4.21.3"
    compare-versions "6.0.0-rc.1"
    enhanced-resolve "5.12.0"
    graceful-fs "4.2.10"
    json-parse-even-better-errors "^3.0.0"
    neo-async "2.6.2"
    react-refresh "0.14.0"
    tapable "2.2.1"
    terminal-link "^2.1.1"
    watchpack "^2.4.0"
    webpack-sources "3.2.3"
    zod "^3.21.4"
    zod-validation-error "1.3.1"

"@swc/helpers@0.5.1":
  version "0.5.1"
  resolved "https://registry.yarnpkg.com/@swc/helpers/-/helpers-0.5.1.tgz#e9031491aa3f26bfcc974a67f48bd456c8a5357a"
  integrity sha512-sJ902EfIzn1Fa+qYmjdQqh8tPsoxyBz+8yBKC2HKUxyezKJFwPGOn7pv4WY6QuQW//ySQi5lJjA/ZT9sNWWNTg==
  dependencies:
    tslib "^2.4.0"

"@types/eslint-scope@^3.7.3":
  version "3.7.7"
  resolved "https://registry.yarnpkg.com/@types/eslint-scope/-/eslint-scope-3.7.7.tgz#3108bd5f18b0cdb277c867b3dd449c9ed7079ac5"
  integrity sha512-MzMFlSLBqNF2gcHWO0G1vP/YQyfvrxZ0bF+u7mzUdZ1/xK4A4sru+nraZz5i3iEIk1l1uyicaDVTB4QbbEkAYg==
  dependencies:
    "@types/eslint" "*"
    "@types/estree" "*"

"@types/eslint@*":
  version "8.56.0"
  resolved "https://registry.yarnpkg.com/@types/eslint/-/eslint-8.56.0.tgz#e28d045b8e530a33c9cbcfbf02332df0d1380a2c"
  integrity sha512-FlsN0p4FhuYRjIxpbdXovvHQhtlG05O1GG/RNWvdAxTboR438IOTwmrY/vLA+Xfgg06BTkP045M3vpFwTMv1dg==
  dependencies:
    "@types/estree" "*"
    "@types/json-schema" "*"

"@types/estree@*", "@types/estree@^1.0.0":
  version "1.0.5"
  resolved "https://registry.yarnpkg.com/@types/estree/-/estree-1.0.5.tgz#a6ce3e556e00fd9895dd872dd172ad0d4bd687f4"
  integrity sha512-/kYRxGDLWzHOB7q+wtSUQlFrtcdUccpfy+X+9iMBpHK8QLLhx2wIPYuS5DYtR9Wa/YlZAbIovy7qVdB1Aq6Lyw==

"@types/json-schema@*", "@types/json-schema@^7.0.8":
  version "7.0.15"
  resolved "https://registry.yarnpkg.com/@types/json-schema/-/json-schema-7.0.15.tgz#596a1747233694d50f6ad8a7869fcb6f56cf5841"
  integrity sha512-5+fP8P8MFNC+AyZCDxrB2pkZFPGzqQWUzpSeuuVLvm8VMcorNYavBqoFcxK8bQz4Qsbn4oUEEem4wDLfcysGHA==

"@types/node@*":
  version "20.10.5"
  resolved "https://registry.yarnpkg.com/@types/node/-/node-20.10.5.tgz#47ad460b514096b7ed63a1dae26fad0914ed3ab2"
  integrity sha512-nNPsNE65wjMxEKI93yOP+NPGGBJz/PoN3kZsVLee0XMiJolxSekEVD8wRwBUBqkwc7UWop0edW50yrCQW4CyRw==
  dependencies:
    undici-types "~5.26.4"

"@vant/popperjs@^1.3.0":
  version "1.3.0"
  resolved "https://registry.yarnpkg.com/@vant/popperjs/-/popperjs-1.3.0.tgz#e0eff017124b5b2352ef3b36a6df06277f4400f2"
  integrity sha512-hB+czUG+aHtjhaEmCJDuXOep0YTZjdlRR+4MSmIFnkCQIxJaXLQdSsR90XWvAI2yvKUI7TCGqR8pQg2RtvkMHw==

"@vant/use@^1.6.0":
  version "1.6.0"
  resolved "https://registry.yarnpkg.com/@vant/use/-/use-1.6.0.tgz#237df3091617255519552ca311ffdfea9de59001"
  integrity sha512-PHHxeAASgiOpSmMjceweIrv2AxDZIkWXyaczksMoWvKV2YAYEhoizRuk/xFnKF+emUIi46TsQ+rvlm/t2BBCfA==

"@vue/compiler-core@3.3.13":
  version "3.3.13"
  resolved "https://registry.yarnpkg.com/@vue/compiler-core/-/compiler-core-3.3.13.tgz#b3d5f8f84caee5de3f31d95cb568d899fd19c599"
  integrity sha512-bwi9HShGu7uaZLOErZgsH2+ojsEdsjerbf2cMXPwmvcgZfVPZ2BVZzCVnwZBxTAYd6Mzbmf6izcUNDkWnBBQ6A==
  dependencies:
    "@babel/parser" "^7.23.5"
    "@vue/shared" "3.3.13"
    estree-walker "^2.0.2"
    source-map-js "^1.0.2"

"@vue/compiler-dom@3.3.13":
  version "3.3.13"
  resolved "https://registry.yarnpkg.com/@vue/compiler-dom/-/compiler-dom-3.3.13.tgz#d029e222e545e7ab00be35aafd3abed167f962bf"
  integrity sha512-EYRDpbLadGtNL0Gph+HoKiYqXLqZ0xSSpR5Dvnu/Ep7ggaCbjRDIus1MMxTS2Qm0koXED4xSlvTZaTnI8cYAsw==
  dependencies:
    "@vue/compiler-core" "3.3.13"
    "@vue/shared" "3.3.13"

"@vue/compiler-sfc@3.3.13":
  version "3.3.13"
  resolved "https://registry.yarnpkg.com/@vue/compiler-sfc/-/compiler-sfc-3.3.13.tgz#7b397acefd5c0c3808701d2855be88c4be60155c"
  integrity sha512-DQVmHEy/EKIgggvnGRLx21hSqnr1smUS9Aq8tfxiiot8UR0/pXKHN9k78/qQ7etyQTFj5em5nruODON7dBeumw==
  dependencies:
    "@babel/parser" "^7.23.5"
    "@vue/compiler-core" "3.3.13"
    "@vue/compiler-dom" "3.3.13"
    "@vue/compiler-ssr" "3.3.13"
    "@vue/reactivity-transform" "3.3.13"
    "@vue/shared" "3.3.13"
    estree-walker "^2.0.2"
    magic-string "^0.30.5"
    postcss "^8.4.32"
    source-map-js "^1.0.2"

"@vue/compiler-ssr@3.3.13":
  version "3.3.13"
  resolved "https://registry.yarnpkg.com/@vue/compiler-ssr/-/compiler-ssr-3.3.13.tgz#ad8748abff8d738ac9c6a3c47be42020f0fbaa63"
  integrity sha512-d/P3bCeUGmkJNS1QUZSAvoCIW4fkOKK3l2deE7zrp0ypJEy+En2AcypIkqvcFQOcw3F0zt2VfMvNsA9JmExTaw==
  dependencies:
    "@vue/compiler-dom" "3.3.13"
    "@vue/shared" "3.3.13"

"@vue/reactivity-transform@3.3.13":
  version "3.3.13"
  resolved "https://registry.yarnpkg.com/@vue/reactivity-transform/-/reactivity-transform-3.3.13.tgz#dc8e9be961865dc666e367e1aaaea0716afa5c90"
  integrity sha512-oWnydGH0bBauhXvh5KXUy61xr9gKaMbtsMHk40IK9M4gMuKPJ342tKFarY0eQ6jef8906m35q37wwA8DMZOm5Q==
  dependencies:
    "@babel/parser" "^7.23.5"
    "@vue/compiler-core" "3.3.13"
    "@vue/shared" "3.3.13"
    estree-walker "^2.0.2"
    magic-string "^0.30.5"

"@vue/reactivity@3.3.13":
  version "3.3.13"
  resolved "https://registry.yarnpkg.com/@vue/reactivity/-/reactivity-3.3.13.tgz#9b1dff3b523a69997b66cba2f86f83839e8285fb"
  integrity sha512-fjzCxceMahHhi4AxUBzQqqVhuA21RJ0COaWTbIBl1PruGW1CeY97louZzLi4smpYx+CHfFPPU/CS8NybbGvPKQ==
  dependencies:
    "@vue/shared" "3.3.13"

"@vue/runtime-core@3.3.13":
  version "3.3.13"
  resolved "https://registry.yarnpkg.com/@vue/runtime-core/-/runtime-core-3.3.13.tgz#e8414218e8c7db94acfcec6fd12044704adda9cf"
  integrity sha512-1TzA5TvGuh2zUwMJgdfvrBABWZ7y8kBwBhm7BXk8rvdx2SsgcGfz2ruv2GzuGZNvL1aKnK8CQMV/jFOrxNQUMA==
  dependencies:
    "@vue/reactivity" "3.3.13"
    "@vue/shared" "3.3.13"

"@vue/runtime-dom@3.3.13":
  version "3.3.13"
  resolved "https://registry.yarnpkg.com/@vue/runtime-dom/-/runtime-dom-3.3.13.tgz#36b42b479d5a394972f305ca8e95c5f648bf55ef"
  integrity sha512-JJkpE8R/hJKXqVTgUoODwS5wqKtOsmJPEqmp90PDVGygtJ4C0PtOkcEYXwhiVEmef6xeXcIlrT3Yo5aQ4qkHhQ==
  dependencies:
    "@vue/runtime-core" "3.3.13"
    "@vue/shared" "3.3.13"
    csstype "^3.1.3"

"@vue/server-renderer@3.3.13":
  version "3.3.13"
  resolved "https://registry.yarnpkg.com/@vue/server-renderer/-/server-renderer-3.3.13.tgz#fccdd0787798173be8929f40f23161c17b60ed36"
  integrity sha512-vSnN+nuf6iSqTL3Qgx/9A+BT+0Zf/VJOgF5uMZrKjYPs38GMYyAU1coDyBNHauehXDaP+zl73VhwWv0vBRBHcg==
  dependencies:
    "@vue/compiler-ssr" "3.3.13"
    "@vue/shared" "3.3.13"

"@vue/shared@3.3.13", "@vue/shared@^3.0.0":
  version "3.3.13"
  resolved "https://registry.yarnpkg.com/@vue/shared/-/shared-3.3.13.tgz#4cb73cda958d77ffd389c8640cf7d93a10ac676f"
  integrity sha512-/zYUwiHD8j7gKx2argXEMCUXVST6q/21DFU0sTfNX0URJroCe3b1UF6vLJ3lQDfLNIiiRl2ONp7Nh5UVWS6QnA==

"@webassemblyjs/ast@1.11.6", "@webassemblyjs/ast@^1.11.5":
  version "1.11.6"
  resolved "https://registry.yarnpkg.com/@webassemblyjs/ast/-/ast-1.11.6.tgz#db046555d3c413f8966ca50a95176a0e2c642e24"
  integrity sha512-IN1xI7PwOvLPgjcf180gC1bqn3q/QaOCwYUahIOhbYUu8KA/3tw2RT/T0Gidi1l7Hhj5D/INhJxiICObqpMu4Q==
  dependencies:
    "@webassemblyjs/helper-numbers" "1.11.6"
    "@webassemblyjs/helper-wasm-bytecode" "1.11.6"

"@webassemblyjs/floating-point-hex-parser@1.11.6":
  version "1.11.6"
  resolved "https://registry.yarnpkg.com/@webassemblyjs/floating-point-hex-parser/-/floating-point-hex-parser-1.11.6.tgz#dacbcb95aff135c8260f77fa3b4c5fea600a6431"
  integrity sha512-ejAj9hfRJ2XMsNHk/v6Fu2dGS+i4UaXBXGemOfQ/JfQ6mdQg/WXtwleQRLLS4OvfDhv8rYnVwH27YJLMyYsxhw==

"@webassemblyjs/helper-api-error@1.11.6":
  version "1.11.6"
  resolved "https://registry.yarnpkg.com/@webassemblyjs/helper-api-error/-/helper-api-error-1.11.6.tgz#6132f68c4acd59dcd141c44b18cbebbd9f2fa768"
  integrity sha512-o0YkoP4pVu4rN8aTJgAyj9hC2Sv5UlkzCHhxqWj8butaLvnpdc2jOwh4ewE6CX0txSfLn/UYaV/pheS2Txg//Q==

"@webassemblyjs/helper-buffer@1.11.6":
  version "1.11.6"
  resolved "https://registry.yarnpkg.com/@webassemblyjs/helper-buffer/-/helper-buffer-1.11.6.tgz#b66d73c43e296fd5e88006f18524feb0f2c7c093"
  integrity sha512-z3nFzdcp1mb8nEOFFk8DrYLpHvhKC3grJD2ardfKOzmbmJvEf/tPIqCY+sNcwZIY8ZD7IkB2l7/pqhUhqm7hLA==

"@webassemblyjs/helper-numbers@1.11.6":
  version "1.11.6"
  resolved "https://registry.yarnpkg.com/@webassemblyjs/helper-numbers/-/helper-numbers-1.11.6.tgz#cbce5e7e0c1bd32cf4905ae444ef64cea919f1b5"
  integrity sha512-vUIhZ8LZoIWHBohiEObxVm6hwP034jwmc9kuq5GdHZH0wiLVLIPcMCdpJzG4C11cHoQ25TFIQj9kaVADVX7N3g==
  dependencies:
    "@webassemblyjs/floating-point-hex-parser" "1.11.6"
    "@webassemblyjs/helper-api-error" "1.11.6"
    "@xtuc/long" "4.2.2"

"@webassemblyjs/helper-wasm-bytecode@1.11.6":
  version "1.11.6"
  resolved "https://registry.yarnpkg.com/@webassemblyjs/helper-wasm-bytecode/-/helper-wasm-bytecode-1.11.6.tgz#bb2ebdb3b83aa26d9baad4c46d4315283acd51e9"
  integrity sha512-sFFHKwcmBprO9e7Icf0+gddyWYDViL8bpPjJJl0WHxCdETktXdmtWLGVzoHbqUcY4Be1LkNfwTmXOJUFZYSJdA==

"@webassemblyjs/helper-wasm-section@1.11.6":
  version "1.11.6"
  resolved "https://registry.yarnpkg.com/@webassemblyjs/helper-wasm-section/-/helper-wasm-section-1.11.6.tgz#ff97f3863c55ee7f580fd5c41a381e9def4aa577"
  integrity sha512-LPpZbSOwTpEC2cgn4hTydySy1Ke+XEu+ETXuoyvuyezHO3Kjdu90KK95Sh9xTbmjrCsUwvWwCOQQNta37VrS9g==
  dependencies:
    "@webassemblyjs/ast" "1.11.6"
    "@webassemblyjs/helper-buffer" "1.11.6"
    "@webassemblyjs/helper-wasm-bytecode" "1.11.6"
    "@webassemblyjs/wasm-gen" "1.11.6"

"@webassemblyjs/ieee754@1.11.6":
  version "1.11.6"
  resolved "https://registry.yarnpkg.com/@webassemblyjs/ieee754/-/ieee754-1.11.6.tgz#bb665c91d0b14fffceb0e38298c329af043c6e3a"
  integrity sha512-LM4p2csPNvbij6U1f19v6WR56QZ8JcHg3QIJTlSwzFcmx6WSORicYj6I63f9yU1kEUtrpG+kjkiIAkevHpDXrg==
  dependencies:
    "@xtuc/ieee754" "^1.2.0"

"@webassemblyjs/leb128@1.11.6":
  version "1.11.6"
  resolved "https://registry.yarnpkg.com/@webassemblyjs/leb128/-/leb128-1.11.6.tgz#70e60e5e82f9ac81118bc25381a0b283893240d7"
  integrity sha512-m7a0FhE67DQXgouf1tbN5XQcdWoNgaAuoULHIfGFIEVKA6tu/edls6XnIlkmS6FrXAquJRPni3ZZKjw6FSPjPQ==
  dependencies:
    "@xtuc/long" "4.2.2"

"@webassemblyjs/utf8@1.11.6":
  version "1.11.6"
  resolved "https://registry.yarnpkg.com/@webassemblyjs/utf8/-/utf8-1.11.6.tgz#90f8bc34c561595fe156603be7253cdbcd0fab5a"
  integrity sha512-vtXf2wTQ3+up9Zsg8sa2yWiQpzSsMyXj0qViVP6xKGCUT8p8YJ6HqI7l5eCnWx1T/FYdsv07HQs2wTFbbof/RA==

"@webassemblyjs/wasm-edit@^1.11.5":
  version "1.11.6"
  resolved "https://registry.yarnpkg.com/@webassemblyjs/wasm-edit/-/wasm-edit-1.11.6.tgz#c72fa8220524c9b416249f3d94c2958dfe70ceab"
  integrity sha512-Ybn2I6fnfIGuCR+Faaz7YcvtBKxvoLV3Lebn1tM4o/IAJzmi9AWYIPWpyBfU8cC+JxAO57bk4+zdsTjJR+VTOw==
  dependencies:
    "@webassemblyjs/ast" "1.11.6"
    "@webassemblyjs/helper-buffer" "1.11.6"
    "@webassemblyjs/helper-wasm-bytecode" "1.11.6"
    "@webassemblyjs/helper-wasm-section" "1.11.6"
    "@webassemblyjs/wasm-gen" "1.11.6"
    "@webassemblyjs/wasm-opt" "1.11.6"
    "@webassemblyjs/wasm-parser" "1.11.6"
    "@webassemblyjs/wast-printer" "1.11.6"

"@webassemblyjs/wasm-gen@1.11.6":
  version "1.11.6"
  resolved "https://registry.yarnpkg.com/@webassemblyjs/wasm-gen/-/wasm-gen-1.11.6.tgz#fb5283e0e8b4551cc4e9c3c0d7184a65faf7c268"
  integrity sha512-3XOqkZP/y6B4F0PBAXvI1/bky7GryoogUtfwExeP/v7Nzwo1QLcq5oQmpKlftZLbT+ERUOAZVQjuNVak6UXjPA==
  dependencies:
    "@webassemblyjs/ast" "1.11.6"
    "@webassemblyjs/helper-wasm-bytecode" "1.11.6"
    "@webassemblyjs/ieee754" "1.11.6"
    "@webassemblyjs/leb128" "1.11.6"
    "@webassemblyjs/utf8" "1.11.6"

"@webassemblyjs/wasm-opt@1.11.6":
  version "1.11.6"
  resolved "https://registry.yarnpkg.com/@webassemblyjs/wasm-opt/-/wasm-opt-1.11.6.tgz#d9a22d651248422ca498b09aa3232a81041487c2"
  integrity sha512-cOrKuLRE7PCe6AsOVl7WasYf3wbSo4CeOk6PkrjS7g57MFfVUF9u6ysQBBODX0LdgSvQqRiGz3CXvIDKcPNy4g==
  dependencies:
    "@webassemblyjs/ast" "1.11.6"
    "@webassemblyjs/helper-buffer" "1.11.6"
    "@webassemblyjs/wasm-gen" "1.11.6"
    "@webassemblyjs/wasm-parser" "1.11.6"

"@webassemblyjs/wasm-parser@1.11.6", "@webassemblyjs/wasm-parser@^1.11.5":
  version "1.11.6"
  resolved "https://registry.yarnpkg.com/@webassemblyjs/wasm-parser/-/wasm-parser-1.11.6.tgz#bb85378c527df824004812bbdb784eea539174a1"
  integrity sha512-6ZwPeGzMJM3Dqp3hCsLgESxBGtT/OeCvCZ4TA1JUPYgmhAx38tTPR9JaKy0S5H3evQpO/h2uWs2j6Yc/fjkpTQ==
  dependencies:
    "@webassemblyjs/ast" "1.11.6"
    "@webassemblyjs/helper-api-error" "1.11.6"
    "@webassemblyjs/helper-wasm-bytecode" "1.11.6"
    "@webassemblyjs/ieee754" "1.11.6"
    "@webassemblyjs/leb128" "1.11.6"
    "@webassemblyjs/utf8" "1.11.6"

"@webassemblyjs/wast-printer@1.11.6":
  version "1.11.6"
  resolved "https://registry.yarnpkg.com/@webassemblyjs/wast-printer/-/wast-printer-1.11.6.tgz#a7bf8dd7e362aeb1668ff43f35cb849f188eff20"
  integrity sha512-JM7AhRcE+yW2GWYaKeHL5vt4xqee5N2WcezptmgyhNS+ScggqcT1OtXykhAb13Sn5Yas0j2uv9tHgrjwvzAP4A==
  dependencies:
    "@webassemblyjs/ast" "1.11.6"
    "@xtuc/long" "4.2.2"

"@xtuc/ieee754@^1.2.0":
  version "1.2.0"
  resolved "https://registry.yarnpkg.com/@xtuc/ieee754/-/ieee754-1.2.0.tgz#eef014a3145ae477a1cbc00cd1e552336dceb790"
  integrity sha512-DX8nKgqcGwsc0eJSqYt5lwP4DH5FlHnmuWWBRy7X0NcaGR0ZtuyeESgMwTYVEtxmsNGY+qit4QYT/MIYTOTPeA==

"@xtuc/long@4.2.2":
  version "4.2.2"
  resolved "https://registry.yarnpkg.com/@xtuc/long/-/long-4.2.2.tgz#d291c6a4e97989b5c61d9acf396ae4fe133a718d"
  integrity sha512-NuHqBY1PB/D8xU6s/thBgOAiAP7HOYDQ32+BFZILJ8ivkUkAHQnWfn6WhL79Owj1qmUnoN/YPhktdIoucipkAQ==

acorn-import-assertions@^1.9.0:
  version "1.9.0"
  resolved "https://registry.yarnpkg.com/acorn-import-assertions/-/acorn-import-assertions-1.9.0.tgz#507276249d684797c84e0734ef84860334cfb1ac"
  integrity sha512-cmMwop9x+8KFhxvKrKfPYmN6/pKTYYHBqLa0DfvVZcKMJWNyWLnaqND7dx/qn66R7ewM1UX5XMaDVP5wlVTaVA==

acorn@^8.7.1, acorn@^8.8.2:
  version "8.11.2"
  resolved "https://registry.yarnpkg.com/acorn/-/acorn-8.11.2.tgz#ca0d78b51895be5390a5903c5b3bdcdaf78ae40b"
  integrity sha512-nc0Axzp/0FILLEVsm4fNwLCwMttvhEI263QtVPQcbpfZZ3ts0hLsZGOpE6czNlid7CJ9MlyH8reXkpsf3YUY4w==

ajv-keywords@^3.5.2:
  version "3.5.2"
  resolved "https://registry.yarnpkg.com/ajv-keywords/-/ajv-keywords-3.5.2.tgz#31f29da5ab6e00d1c2d329acf7b5929614d5014d"
  integrity sha512-5p6WTN0DdTGVQk6VjcEju19IgaHudalcfabD7yhDGeA6bcQnmL+CpveLJq/3hvfwd1aof6L386Ougkx6RfyMIQ==

ajv@^6.12.5:
  version "6.12.6"
  resolved "https://registry.yarnpkg.com/ajv/-/ajv-6.12.6.tgz#baf5a62e802b07d977034586f8c3baf5adf26df4"
  integrity sha512-j3fVLgvTo527anyYyJOGTYJbG+vnnQYvE0m5mmkc1TK+nxAppkCLMIL0aZ4dblVCNoGShhm+kzE4ZUykBoMg4g==
  dependencies:
    fast-deep-equal "^3.1.1"
    fast-json-stable-stringify "^2.0.0"
    json-schema-traverse "^0.4.1"
    uri-js "^4.2.2"

ansi-escapes@^4.2.1:
  version "4.3.2"
  resolved "https://registry.yarnpkg.com/ansi-escapes/-/ansi-escapes-4.3.2.tgz#6b2291d1db7d98b6521d5f1efa42d0f3a9feb65e"
  integrity sha512-gKXj5ALrKWQLsYG9jlTRmR/xKluxHV+Z9QEwNIgCfM1/uwPMCuzVVnh5mwTd+OuBZcwSIMbqssNWRm1lE51QaQ==
  dependencies:
    type-fest "^0.21.3"

ansi-styles@^4.1.0:
  version "4.3.0"
  resolved "https://registry.yarnpkg.com/ansi-styles/-/ansi-styles-4.3.0.tgz#edd803628ae71c04c85ae7a0906edad34b648937"
  integrity sha512-zbB9rCJAT1rbjiVDb2hqKFHNYLxgtk8NURxZ3IZwD3F6NtxbXZQCnnSi1Lkx+IDohdPlFp222wVALIheZJQSEg==
  dependencies:
    color-convert "^2.0.1"

browserslist@^4.14.5, browserslist@^4.21.3:
  version "4.22.2"
  resolved "https://registry.yarnpkg.com/browserslist/-/browserslist-4.22.2.tgz#704c4943072bd81ea18997f3bd2180e89c77874b"
  integrity sha512-0UgcrvQmBDvZHFGdYUehrCNIazki7/lUP3kkoi/r3YB2amZbFM9J43ZRkJTXBUZK4gmx56+Sqk9+Vs9mwZx9+A==
  dependencies:
    caniuse-lite "^1.0.30001565"
    electron-to-chromium "^1.4.601"
    node-releases "^2.0.14"
    update-browserslist-db "^1.0.13"

buffer-from@^1.0.0:
  version "1.1.2"
  resolved "https://registry.yarnpkg.com/buffer-from/-/buffer-from-1.1.2.tgz#2b146a6fd72e80b4f55d255f35ed59a3a9a41bd5"
  integrity sha512-E+XQCRwSbaaiChtv6k6Dwgc+bx+Bs6vuKJHHl5kox/BaKbhiXzqQOwK4cO22yElGp2OCmjwVhT3HmxgyPGnJfQ==

caniuse-lite@^1.0.30001559, caniuse-lite@^1.0.30001565:
  version "1.0.30001571"
  resolved "https://registry.yarnpkg.com/caniuse-lite/-/caniuse-lite-1.0.30001571.tgz#4182e93d696ff42930f4af7eba515ddeb57917ac"
  integrity sha512-tYq/6MoXhdezDLFZuCO/TKboTzuQ/xR5cFdgXPfDtM7/kchBO3b4VWghE/OAi/DV7tTdhmLjZiZBZi1fA/GheQ==

chalk@^4.1.0:
  version "4.1.2"
  resolved "https://registry.yarnpkg.com/chalk/-/chalk-4.1.2.tgz#aac4e2b7734a740867aeb16bf02aad556a1e7a01"
  integrity sha512-oKnbhFyRIXpUuez8iBMmyEa4nbj4IOQyuhc/wy9kY7/WVPcwIO9VA668Pu8RkO7+0G76SLROeyw9CpQ061i4mA==
  dependencies:
    ansi-styles "^4.1.0"
    supports-color "^7.1.0"

chrome-trace-event@^1.0.2:
  version "1.0.3"
  resolved "https://registry.yarnpkg.com/chrome-trace-event/-/chrome-trace-event-1.0.3.tgz#1015eced4741e15d06664a957dbbf50d041e26ac"
  integrity sha512-p3KULyQg4S7NIHixdwbGX+nFHkoBiA4YQmyWtjb8XngSKV124nJmRysgAeujbUVb15vh+RvFUfCPqU7rXk+hZg==

color-convert@^2.0.1:
  version "2.0.1"
  resolved "https://registry.yarnpkg.com/color-convert/-/color-convert-2.0.1.tgz#72d3a68d598c9bdb3af2ad1e84f21d896abd4de3"
  integrity sha512-RRECPsj7iu/xb5oKYcsFHSppFNnsj/52OVTRKb4zP5onXwVF3zVmmToNcOfGC+CRDpfK/U584fMg38ZHCaElKQ==
  dependencies:
    color-name "~1.1.4"

color-name@~1.1.4:
  version "1.1.4"
  resolved "https://registry.yarnpkg.com/color-name/-/color-name-1.1.4.tgz#c2a09a87acbde69543de6f63fa3995c826c536a2"
  integrity sha512-dOy+3AuW3a2wNbZHIuMZpTcgjGuLU/uBL/ubcZF9OXbDo8ff4O8yVp5Bf0efS8uEoYo5q4Fx7dY9OgQGXgAsQA==

commander@^2.20.0:
  version "2.20.3"
  resolved "https://registry.yarnpkg.com/commander/-/commander-2.20.3.tgz#fd485e84c03eb4881c20722ba48035e8531aeb33"
  integrity sha512-GpVkmM8vF2vQUkj2LvZmD35JxeJOLCwJ9cUkugyk2nuhbv3+mJvpLYYt+0+USMxE+oj+ey/lJEnhZw75x/OMcQ==

compare-versions@6.0.0-rc.1:
  version "6.0.0-rc.1"
  resolved "https://registry.yarnpkg.com/compare-versions/-/compare-versions-6.0.0-rc.1.tgz#93e6beb8767c2375333ee168fa64c28b75ace2c6"
  integrity sha512-cFhkjbGY1jLFWIV7KegECbfuyYPxSGvgGkdkfM+ibboQDoPwg2FRHm5BSNTOApiauRBzJIQH7qvOJs2sW5ueKQ==

core-js@~3.32.2:
  version "3.32.2"
  resolved "https://registry.yarnpkg.com/core-js/-/core-js-3.32.2.tgz#172fb5949ef468f93b4be7841af6ab1f21992db7"
  integrity sha512-pxXSw1mYZPDGvTQqEc5vgIb83jGQKFGYWY76z4a7weZXUolw3G+OvpZqSRcfYOoOVUQJYEPsWeQK8pKEnUtWxQ==

csstype@^3.1.3:
  version "3.1.3"
  resolved "https://registry.yarnpkg.com/csstype/-/csstype-3.1.3.tgz#d80ff294d114fb0e6ac500fbf85b60137d7eff81"
  integrity sha512-M1uQkMl8rQK/szD0LNhtqxIPLpimGm8sOBwU7lLnCpSbTyY3yeU1Vc7l4KT5zT4s/yOxHH5O7tIuuLOCnLADRw==

electron-to-chromium@^1.4.601:
  version "1.4.616"
  resolved "https://registry.yarnpkg.com/electron-to-chromium/-/electron-to-chromium-1.4.616.tgz#4bddbc2c76e1e9dbf449ecd5da3d8119826ea4fb"
  integrity sha512-1n7zWYh8eS0L9Uy+GskE0lkBUNK83cXTVJI0pU3mGprFsbfSdAc15VTFbo+A+Bq4pwstmL30AVcEU3Fo463lNg==

enhanced-resolve@5.12.0:
  version "5.12.0"
  resolved "https://registry.yarnpkg.com/enhanced-resolve/-/enhanced-resolve-5.12.0.tgz#300e1c90228f5b570c4d35babf263f6da7155634"
  integrity sha512-QHTXI/sZQmko1cbDoNAa3mJ5qhWUUNAq3vR0/YiD379fWQrcfuoX1+HW2S0MTt7XmoPLapdaDKUtelUSPic7hQ==
  dependencies:
    graceful-fs "^4.2.4"
    tapable "^2.2.0"

enhanced-resolve@^5.15.0:
  version "5.15.0"
  resolved "https://registry.yarnpkg.com/enhanced-resolve/-/enhanced-resolve-5.15.0.tgz#1af946c7d93603eb88e9896cee4904dc012e9c35"
  integrity sha512-LXYT42KJ7lpIKECr2mAXIaMldcNCh/7E0KBKOu4KSfkHmP+mZmSs+8V5gBAqisWBy0OO4W5Oyys0GO1Y8KtdKg==
  dependencies:
    graceful-fs "^4.2.4"
    tapable "^2.2.0"

es-module-lexer@^1.2.1:
  version "1.4.1"
  resolved "https://registry.yarnpkg.com/es-module-lexer/-/es-module-lexer-1.4.1.tgz#41ea21b43908fe6a287ffcbe4300f790555331f5"
  integrity sha512-cXLGjP0c4T3flZJKQSuziYoq7MlT+rnvfZjfp7h+I7K9BNX54kP9nyWvdbwjQ4u1iWbOL4u96fgeZLToQlZC7w==

escalade@^3.1.1:
  version "3.1.1"
  resolved "https://registry.yarnpkg.com/escalade/-/escalade-3.1.1.tgz#d8cfdc7000965c5a0174b4a82eaa5c0552742e40"
  integrity sha512-k0er2gUkLf8O0zKJiAhmkTnJlTvINGv7ygDNPbeIsX/TJjGJZHuh9B2UxbsaEkmlEo9MfhrSzmhIlhRlI2GXnw==

eslint-scope@5.1.1:
  version "5.1.1"
  resolved "https://registry.yarnpkg.com/eslint-scope/-/eslint-scope-5.1.1.tgz#e786e59a66cb92b3f6c1fb0d508aab174848f48c"
  integrity sha512-2NxwbF/hZ0KpepYN0cNbo+FN6XoK7GaHlQhgx/hIZl6Va0bF45RQOOwhLIy8lQDbuCiadSLCBnH2CFYquit5bw==
  dependencies:
    esrecurse "^4.3.0"
    estraverse "^4.1.1"

esrecurse@^4.3.0:
  version "4.3.0"
  resolved "https://registry.yarnpkg.com/esrecurse/-/esrecurse-4.3.0.tgz#7ad7964d679abb28bee72cec63758b1c5d2c9921"
  integrity sha512-KmfKL3b6G+RXvP8N1vr3Tq1kL/oCFgn2NYXEtqP8/L3pKapUA4G8cFVaoF3SU323CD4XypR/ffioHmkti6/Tag==
  dependencies:
    estraverse "^5.2.0"

estraverse@^4.1.1:
  version "4.3.0"
  resolved "https://registry.yarnpkg.com/estraverse/-/estraverse-4.3.0.tgz#398ad3f3c5a24948be7725e83d11a7de28cdbd1d"
  integrity sha512-39nnKffWz8xN1BU/2c79n9nB9HDzo0niYUqx6xyqUnyoAnQyyWpOTdZEeiCch8BBu515t4wp9ZmgVfVhn9EBpw==

estraverse@^5.2.0:
  version "5.3.0"
  resolved "https://registry.yarnpkg.com/estraverse/-/estraverse-5.3.0.tgz#2eea5290702f26ab8fe5370370ff86c965d21123"
  integrity sha512-MMdARuVEQziNTeJD8DgMqmhwR11BRQ/cBP+pLtYdSTnf3MIO8fFeiINEbX36ZdNlfU/7A9f3gUw49B3oQsvwBA==

estree-walker@^2.0.2:
  version "2.0.2"
  resolved "https://registry.yarnpkg.com/estree-walker/-/estree-walker-2.0.2.tgz#52f010178c2a4c117a7757cfe942adb7d2da4cac"
  integrity sha512-Rfkk/Mp/DL7JVje3u18FxFujQlTNR2q6QfMSMB7AvCBx91NGj/ba3kCfza0f6dVDbw7YlRf/nDrn7pQrCCyQ/w==

events@^3.2.0:
  version "3.3.0"
  resolved "https://registry.yarnpkg.com/events/-/events-3.3.0.tgz#31a95ad0a924e2d2c419a813aeb2c4e878ea7400"
  integrity sha512-mQw+2fkQbALzQ7V0MY0IqdnXNOeTtP4r0lN9z7AAawCXgqea7bDii20AYrIBrFd/Hx0M2Ocz6S111CaFkUcb0Q==

fast-deep-equal@^3.1.1:
  version "3.1.3"
  resolved "https://registry.yarnpkg.com/fast-deep-equal/-/fast-deep-equal-3.1.3.tgz#3a7d56b559d6cbc3eb512325244e619a65c6c525"
  integrity sha512-f3qQ9oQy9j2AhBe/H9VC91wLmKBCCU/gDOnKNAYG5hswO7BLKj09Hc5HYNz9cGI++xlpDCIgDaitVs03ATR84Q==

fast-json-stable-stringify@^2.0.0:
  version "2.1.0"
  resolved "https://registry.yarnpkg.com/fast-json-stable-stringify/-/fast-json-stable-stringify-2.1.0.tgz#874bf69c6f404c2b5d99c481341399fd55892633"
  integrity sha512-lhd/wF+Lk98HZoTCtlVraHtfh5XYijIjalXck7saUtuanSDyLMxnHhSXEDJqHxD7msR8D0uCmqlkwjCV8xvwHw==

glob-to-regexp@^0.4.1:
  version "0.4.1"
  resolved "https://registry.yarnpkg.com/glob-to-regexp/-/glob-to-regexp-0.4.1.tgz#c75297087c851b9a578bd217dd59a92f59fe546e"
  integrity sha512-lkX1HJXwyMcprw/5YUZc2s7DrpAiHB21/V+E1rHUrVNokkvB6bqMzT0VfV6/86ZNabt1k14YOIaT7nDvOX3Iiw==

graceful-fs@4.2.10:
  version "4.2.10"
  resolved "https://registry.yarnpkg.com/graceful-fs/-/graceful-fs-4.2.10.tgz#147d3a006da4ca3ce14728c7aefc287c367d7a6c"
  integrity sha512-9ByhssR2fPVsNZj478qUUbKfmL0+t5BDVyjShtyZZLiK7ZDAArFFfopyOTj0M05wE2tJPisA4iTnnXl2YoPvOA==

graceful-fs@^4.1.2, graceful-fs@^4.2.4, graceful-fs@^4.2.9:
  version "4.2.11"
  resolved "https://registry.yarnpkg.com/graceful-fs/-/graceful-fs-4.2.11.tgz#4183e4e8bf08bb6e05bbb2f7d2e0c8f712ca40e3"
  integrity sha512-RbJ5/jmFcNNCcDV5o9eTnBLJ/HszWV0P73bc+Ff4nS/rJj+YaS6IGyiOL0VoBYX+l1Wrl3k63h/KrH+nhJ0XvQ==

has-flag@^4.0.0:
  version "4.0.0"
  resolved "https://registry.yarnpkg.com/has-flag/-/has-flag-4.0.0.tgz#944771fd9c81c81265c4d6941860da06bb59479b"
  integrity sha512-EykJT/Q1KjTWctppgIAgfSO0tKVuZUjhgMr17kqTumMl6Afv3EISleU7qZUzoXDFTAHTDC4NOoG/ZxU3EvlMPQ==

hash-sum@^2.0.0:
  version "2.0.0"
  resolved "https://registry.yarnpkg.com/hash-sum/-/hash-sum-2.0.0.tgz#81d01bb5de8ea4a214ad5d6ead1b523460b0b45a"
  integrity sha512-WdZTbAByD+pHfl/g9QSsBIIwy8IT+EsPiKDs0KNX+zSHhdDLFKdZu0BQHljvO+0QI/BasbMSUa8wYNCZTvhslg==

"html-webpack-plugin@npm:html-rspack-plugin@5.6.0":
  version "5.6.0"
  resolved "https://registry.yarnpkg.com/html-rspack-plugin/-/html-rspack-plugin-5.6.0.tgz#d99c6335410e79ab9ca6e6d456541dd0593bcda8"
  integrity sha512-4jrAQEEt9JCcGbeP7dFV1d42RF6IA9nYWoqK5i+rncdPPMz6eVHt1scPy9722brams7/SndzJhoIxN0Hw7T4ZA==
  dependencies:
    lodash "^4.17.21"
    tapable "^2.0.0"

jest-worker@^27.4.5:
  version "27.5.1"
  resolved "https://registry.yarnpkg.com/jest-worker/-/jest-worker-27.5.1.tgz#8d146f0900e8973b106b6f73cc1e9a8cb86f8db0"
  integrity sha512-7vuh85V5cdDofPyxn58nrPjBktZo0u9x1g8WtjQol+jZDaE+fhN+cIvTj11GndBnMnyfrUOG1sZQxCdjKh+DKg==
  dependencies:
    "@types/node" "*"
    merge-stream "^2.0.0"
    supports-color "^8.0.0"

json-parse-even-better-errors@^2.3.1:
  version "2.3.1"
  resolved "https://registry.yarnpkg.com/json-parse-even-better-errors/-/json-parse-even-better-errors-2.3.1.tgz#7c47805a94319928e05777405dc12e1f7a4ee02d"
  integrity sha512-xyFwyhro/JEof6Ghe2iz2NcXoj2sloNsWr/XsERDK/oiPCfaNhl5ONfp+jQdAZRQQ0IJWNzH9zIZF7li91kh2w==

json-parse-even-better-errors@^3.0.0:
  version "3.0.1"
  resolved "https://registry.yarnpkg.com/json-parse-even-better-errors/-/json-parse-even-better-errors-3.0.1.tgz#02bb29fb5da90b5444581749c22cedd3597c6cb0"
  integrity sha512-aatBvbL26wVUCLmbWdCpeu9iF5wOyWpagiKkInA+kfws3sWdBrTnsvN2CKcyCYyUrc7rebNBlK6+kteg7ksecg==

json-schema-traverse@^0.4.1:
  version "0.4.1"
  resolved "https://registry.yarnpkg.com/json-schema-traverse/-/json-schema-traverse-0.4.1.tgz#69f6a87d9513ab8bb8fe63bdb0979c448e684660"
  integrity sha512-xbbCH5dCYU5T8LcEhhuh7HJ88HXuW3qsI3Y0zOZFKfZEHcpWiHU/Jxzk629Brsab/mMiHQti9wMP+845RPe3Vg==

loader-runner@^4.2.0:
  version "4.3.0"
  resolved "https://registry.yarnpkg.com/loader-runner/-/loader-runner-4.3.0.tgz#c1b4a163b99f614830353b16755e7149ac2314e1"
  integrity sha512-3R/1M+yS3j5ou80Me59j7F9IMs4PXs3VqRrm0TU3AbKPxlmpoY1TNscJV/oGJXo8qCatFGTfDbY6W6ipGOYXfg==

lodash@^4.17.21:
  version "4.17.21"
  resolved "https://registry.yarnpkg.com/lodash/-/lodash-4.17.21.tgz#679591c564c3bffaae8454cf0b3df370c3d6911c"
  integrity sha512-v2kDEe57lecTulaDIuNTPy3Ry4gLGJ6Z1O3vE1krgXZNrsQ+LFTGHVxVjcXPs17LhbZVGedAJv8XZ1tvj5FvSg==

magic-string@^0.30.5:
  version "0.30.5"
  resolved "https://registry.yarnpkg.com/magic-string/-/magic-string-0.30.5.tgz#1994d980bd1c8835dc6e78db7cbd4ae4f24746f9"
  integrity sha512-7xlpfBaQaP/T6Vh8MO/EqXSW5En6INHEvEXQiuff7Gku0PWjU3uf6w/j9o7O+SpB5fOAkrI5HeoNgwjEO0pFsA==
  dependencies:
    "@jridgewell/sourcemap-codec" "^1.4.15"

merge-stream@^2.0.0:
  version "2.0.0"
  resolved "https://registry.yarnpkg.com/merge-stream/-/merge-stream-2.0.0.tgz#52823629a14dd00c9770fb6ad47dc6310f2c1f60"
  integrity sha512-abv/qOcuPfk3URPfDzmZU1LKmuw8kT+0nIHvKrKgFrwifol/doWcdA4ZqsWQ8ENrFKkd67Mfpo/LovbIUsbt3w==

mime-db@1.52.0:
  version "1.52.0"
  resolved "https://registry.yarnpkg.com/mime-db/-/mime-db-1.52.0.tgz#bbabcdc02859f4987301c856e3387ce5ec43bf70"
  integrity sha512-sPU4uV7dYlvtWJxwwxHD0PuihVNiE7TyAbQ5SWxDCB9mUYvOgroQOwYQQOKPJ8CIbE+1ETVlOoK1UC2nU3gYvg==

mime-types@^2.1.27:
  version "2.1.35"
  resolved "https://registry.yarnpkg.com/mime-types/-/mime-types-2.1.35.tgz#381a871b62a734450660ae3deee44813f70d959a"
  integrity sha512-ZDY+bPm5zTTF+YpCrAU9nK0UgICYPT0QtT1NZWFv4s++TNkcgVaT0g6+4R2uI4MjQjzysHB1zxuWL50hzaeXiw==
  dependencies:
    mime-db "1.52.0"

nanoid@^3.3.6, nanoid@^3.3.7:
  version "3.3.7"
  resolved "https://registry.yarnpkg.com/nanoid/-/nanoid-3.3.7.tgz#d0c301a691bc8d54efa0a2226ccf3fe2fd656bd8"
  integrity sha512-eSRppjcPIatRIMC1U6UngP8XFcz8MQWGQdt1MTBQ7NaAmvXDfvNxbvWV3x2y6CdEUciCSsDHDQZbhYaB8QEo2g==

neo-async@2.6.2, neo-async@^2.6.2:
  version "2.6.2"
  resolved "https://registry.yarnpkg.com/neo-async/-/neo-async-2.6.2.tgz#b4aafb93e3aeb2d8174ca53cf163ab7d7308305f"
  integrity sha512-Yd3UES5mWCSqR+qNT93S3UoYUkqAZ9lLg8a7g9rimsWmYGK8cVToA4/sF3RrshdyV3sAGMXVUmpMYOw+dLpOuw==

node-releases@^2.0.14:
  version "2.0.14"
  resolved "https://registry.yarnpkg.com/node-releases/-/node-releases-2.0.14.tgz#2ffb053bceb8b2be8495ece1ab6ce600c4461b0b"
  integrity sha512-y10wOWt8yZpqXmOgRo77WaHEmhYQYGNA6y421PKsKYWEK8aW+cqAphborZDhqfyKrbZEN92CN1X2KbafY2s7Yw==

picocolors@^1.0.0:
  version "1.0.0"
  resolved "https://registry.yarnpkg.com/picocolors/-/picocolors-1.0.0.tgz#cb5bdc74ff3f51892236eaf79d68bc44564ab81c"
  integrity sha512-1fygroTLlHu66zi26VoTDv8yRgm0Fccecssto+MhsZ0D/DGW2sm8E8AjW7NU5VVTRt5GxbeZ5qBuJr+HyLYkjQ==

postcss@8.4.31:
  version "8.4.31"
  resolved "https://registry.yarnpkg.com/postcss/-/postcss-8.4.31.tgz#92b451050a9f914da6755af352bdc0192508656d"
  integrity sha512-PS08Iboia9mts/2ygV3eLpY5ghnUcfLV/EXTOW1E2qYxJKGGBUtNjN76FYHnMs36RmARn41bC0AZmn+rR0OVpQ==
  dependencies:
    nanoid "^3.3.6"
    picocolors "^1.0.0"
    source-map-js "^1.0.2"

postcss@^8.4.32:
  version "8.4.32"
  resolved "https://registry.yarnpkg.com/postcss/-/postcss-8.4.32.tgz#1dac6ac51ab19adb21b8b34fd2d93a86440ef6c9"
  integrity sha512-D/kj5JNu6oo2EIy+XL/26JEDTlIbB8hw85G8StOE6L74RQAVVP5rej6wxCNqyMbR4RkPfqvezVbPw81Ngd6Kcw==
  dependencies:
    nanoid "^3.3.7"
    picocolors "^1.0.0"
    source-map-js "^1.0.2"

punycode@^2.1.0:
  version "2.3.1"
  resolved "https://registry.yarnpkg.com/punycode/-/punycode-2.3.1.tgz#027422e2faec0b25e1549c3e1bd8309b9133b6e5"
  integrity sha512-vYt7UD1U9Wg6138shLtLOvdAu+8DsC/ilFtEVHcH+wydcSpNE20AfSOduf6MkRFahL5FY7X1oU7nKVZFtfq8Fg==

randombytes@^2.1.0:
  version "2.1.0"
  resolved "https://registry.yarnpkg.com/randombytes/-/randombytes-2.1.0.tgz#df6f84372f0270dc65cdf6291349ab7a473d4f2a"
  integrity sha512-vYl3iOX+4CKUWuxGi9Ukhie6fsqXqS9FE2Zaic4tNFD2N2QQaXOMFbuKK4QmDHC0JO6B1Zp41J0LpT0oR68amQ==
  dependencies:
    safe-buffer "^5.1.0"

react-refresh@0.14.0:
  version "0.14.0"
  resolved "https://registry.yarnpkg.com/react-refresh/-/react-refresh-0.14.0.tgz#4e02825378a5f227079554d4284889354e5f553e"
  integrity sha512-wViHqhAd8OHeLS/IRMJjTSDHF3U9eWi62F/MledQGPdJGDhodXJ9PBLNGr6WWL7qlH12Mt3TyTpbS+hGXMjCzQ==

safe-buffer@^5.1.0:
  version "5.2.1"
  resolved "https://registry.yarnpkg.com/safe-buffer/-/safe-buffer-5.2.1.tgz#1eaf9fa9bdb1fdd4ec75f58f9cdb4e6b7827eec6"
  integrity sha512-rp3So07KcdmmKbGvgaNxQSJr7bGVSVk5S9Eq1F+ppbRo70+YeaDxkw5Dd8NPN+GD6bjnYm2VuPuCXmpuYvmCXQ==

schema-utils@^3.1.1, schema-utils@^3.2.0:
  version "3.3.0"
  resolved "https://registry.yarnpkg.com/schema-utils/-/schema-utils-3.3.0.tgz#f50a88877c3c01652a15b622ae9e9795df7a60fe"
  integrity sha512-pN/yOAvcC+5rQ5nERGuwrjLlYvLTbCibnZ1I7B1LaiAz9BRBlE9GMgE/eqV30P7aJQUf7Ddimy/RsbYO/GrVGg==
  dependencies:
    "@types/json-schema" "^7.0.8"
    ajv "^6.12.5"
    ajv-keywords "^3.5.2"

serialize-javascript@^6.0.1:
  version "6.0.1"
  resolved "https://registry.yarnpkg.com/serialize-javascript/-/serialize-javascript-6.0.1.tgz#b206efb27c3da0b0ab6b52f48d170b7996458e5c"
  integrity sha512-owoXEFjWRllis8/M1Q+Cw5k8ZH40e3zhp/ovX+Xr/vi1qj6QesbyXXViFbpNvWvPNAD62SutwEXavefrLJWj7w==
  dependencies:
    randombytes "^2.1.0"

source-map-js@^1.0.2:
  version "1.0.2"
  resolved "https://registry.yarnpkg.com/source-map-js/-/source-map-js-1.0.2.tgz#adbc361d9c62df380125e7f161f71c826f1e490c"
  integrity sha512-R0XvVJ9WusLiqTCEiGCmICCMplcCkIwwR11mOSD9CR5u+IXYdiseeEuXCVAjS54zqwkLcPNnmU4OeJ6tUrWhDw==

source-map-support@~0.5.20:
  version "0.5.21"
  resolved "https://registry.yarnpkg.com/source-map-support/-/source-map-support-0.5.21.tgz#04fe7c7f9e1ed2d662233c28cb2b35b9f63f6e4f"
  integrity sha512-uBHU3L3czsIyYXKX88fdrGovxdSCoTGDRZ6SYXtSRxLZUzHg5P/66Ht6uoUlHu9EZod+inXhKo3qQgwXUT/y1w==
  dependencies:
    buffer-from "^1.0.0"
    source-map "^0.6.0"

source-map@^0.6.0:
  version "0.6.1"
  resolved "https://registry.yarnpkg.com/source-map/-/source-map-0.6.1.tgz#74722af32e9614e9c287a8d0bbde48b5e2f1a263"
  integrity sha512-UjgapumWlbMhkBgzT7Ykc5YXUT46F0iKu8SGXq0bcwP5dz/h0Plj6enJqjz1Zbq2l5WaqYnrVbwWOWMyF3F47g==

supports-color@^7.0.0, supports-color@^7.1.0:
  version "7.2.0"
  resolved "https://registry.yarnpkg.com/supports-color/-/supports-color-7.2.0.tgz#1b7dcdcb32b8138801b3e478ba6a51caa89648da"
  integrity sha512-qpCAvRl9stuOHveKsn7HncJRvv501qIacKzQlO/+Lwxc9+0q2wLyv4Dfvt80/DPn2pqOBsJdDiogXGR9+OvwRw==
  dependencies:
    has-flag "^4.0.0"

supports-color@^8.0.0:
  version "8.1.1"
  resolved "https://registry.yarnpkg.com/supports-color/-/supports-color-8.1.1.tgz#cd6fc17e28500cff56c1b86c0a7fd4a54a73005c"
  integrity sha512-MpUEN2OodtUzxvKQl72cUF7RQ5EiHsGvSsVG0ia9c5RbWGL2CI4C7EpPS8UTBIplnlzZiNuV56w+FuNxy3ty2Q==
  dependencies:
    has-flag "^4.0.0"

supports-hyperlinks@^2.0.0:
  version "2.3.0"
  resolved "https://registry.yarnpkg.com/supports-hyperlinks/-/supports-hyperlinks-2.3.0.tgz#3943544347c1ff90b15effb03fc14ae45ec10624"
  integrity sha512-RpsAZlpWcDwOPQA22aCH4J0t7L8JmAvsCxfOSEwm7cQs3LshN36QaTkwd70DnBOXDWGssw2eUoc8CaRWT0XunA==
  dependencies:
    has-flag "^4.0.0"
    supports-color "^7.0.0"

tapable@2.2.1, tapable@^2.0.0, tapable@^2.1.1, tapable@^2.2.0:
  version "2.2.1"
  resolved "https://registry.yarnpkg.com/tapable/-/tapable-2.2.1.tgz#1967a73ef4060a82f12ab96af86d52fdb76eeca0"
  integrity sha512-GNzQvQTOIP6RyTfE2Qxb8ZVlNmw0n88vp1szwWRimP02mnTsx3Wtn5qRdqY9w2XduFNUgvOwhNnQsjwCp+kqaQ==

terminal-link@^2.1.1:
  version "2.1.1"
  resolved "https://registry.yarnpkg.com/terminal-link/-/terminal-link-2.1.1.tgz#14a64a27ab3c0df933ea546fba55f2d078edc994"
  integrity sha512-un0FmiRUQNr5PJqy9kP7c40F5BOfpGlYTrxonDChEZB7pzZxRNp/bt+ymiy9/npwXya9KH99nJ/GXFIiUkYGFQ==
  dependencies:
    ansi-escapes "^4.2.1"
    supports-hyperlinks "^2.0.0"

terser-webpack-plugin@^5.3.7:
  version "5.3.9"
  resolved "https://registry.yarnpkg.com/terser-webpack-plugin/-/terser-webpack-plugin-5.3.9.tgz#832536999c51b46d468067f9e37662a3b96adfe1"
  integrity sha512-ZuXsqE07EcggTWQjXUj+Aot/OMcD0bMKGgF63f7UxYcu5/AJF53aIpK1YoP5xR9l6s/Hy2b+t1AM0bLNPRuhwA==
  dependencies:
    "@jridgewell/trace-mapping" "^0.3.17"
    jest-worker "^27.4.5"
    schema-utils "^3.1.1"
    serialize-javascript "^6.0.1"
    terser "^5.16.8"

terser@^5.16.8:
  version "5.26.0"
  resolved "https://registry.yarnpkg.com/terser/-/terser-5.26.0.tgz#ee9f05d929f4189a9c28a0feb889d96d50126fe1"
  integrity sha512-dytTGoE2oHgbNV9nTzgBEPaqAWvcJNl66VZ0BkJqlvp71IjO8CxdBx/ykCNb47cLnCmCvRZ6ZR0tLkqvZCdVBQ==
  dependencies:
    "@jridgewell/source-map" "^0.3.3"
    acorn "^8.8.2"
    commander "^2.20.0"
    source-map-support "~0.5.20"

tslib@^2.4.0:
  version "2.6.2"
  resolved "https://registry.yarnpkg.com/tslib/-/tslib-2.6.2.tgz#703ac29425e7b37cd6fd456e92404d46d1f3e4ae"
  integrity sha512-AEYxH93jGFPn/a2iVAwW87VuUIkR1FVUKB77NwMF7nBTDkDrrT/Hpt/IrCJ0QXhW27jTBDcf5ZY7w6RiqTMw2Q==

type-fest@^0.21.3:
  version "0.21.3"
  resolved "https://registry.yarnpkg.com/type-fest/-/type-fest-0.21.3.tgz#d260a24b0198436e133fa26a524a6d65fa3b2e37"
  integrity sha512-t0rzBq87m3fVcduHDUFhKmyyX+9eo6WQjZvf51Ea/M0Q7+T374Jp1aUiyUl0GKxp8M/OETVHSDvmkyPgvX+X2w==

undici-types@~5.26.4:
  version "5.26.5"
  resolved "https://registry.yarnpkg.com/undici-types/-/undici-types-5.26.5.tgz#bcd539893d00b56e964fd2657a4866b221a65617"
  integrity sha512-JlCMO+ehdEIKqlFxk6IfVoAUVmgz7cU7zD/h9XZ0qzeosSHmUJVOzSQvvYSYWXkFXC+IfLKSIffhv0sVZup6pA==

update-browserslist-db@^1.0.13:
  version "1.0.13"
  resolved "https://registry.yarnpkg.com/update-browserslist-db/-/update-browserslist-db-1.0.13.tgz#3c5e4f5c083661bd38ef64b6328c26ed6c8248c4"
  integrity sha512-xebP81SNcPuNpPP3uzeW1NYXxI3rxyJzF3pD6sH4jE7o/IX+WtSpwnVU+qIsDPyk0d3hmFQ7mjqc6AtV604hbg==
  dependencies:
    escalade "^3.1.1"
    picocolors "^1.0.0"

uri-js@^4.2.2:
  version "4.4.1"
  resolved "https://registry.yarnpkg.com/uri-js/-/uri-js-4.4.1.tgz#9b1a52595225859e55f669d928f88c6c57f2a77e"
  integrity sha512-7rKUyy33Q1yc98pQ1DAmLtwX109F7TIfWlW1Ydo8Wl1ii1SeHieeh0HHfPeL2fMXK6z0s8ecKs9frCuLJvndBg==
  dependencies:
    punycode "^2.1.0"

vant@4.8.1:
  version "4.8.1"
  resolved "https://registry.yarnpkg.com/vant/-/vant-4.8.1.tgz#b4fce5fb5aa9dfa42143c4122d1e2f92407ec768"
  integrity sha512-SkFZM3Z3Bwi5do+iQNfRgDi7b+Ka29rUUNzck06W2KoFie3CLTqSifLa5TuZCEoXPSkqR+fRH/VE5G57mmL8sg==
  dependencies:
    "@vant/popperjs" "^1.3.0"
    "@vant/use" "^1.6.0"
    "@vue/shared" "^3.0.0"

vue-loader@^17.2.2:
  version "17.3.1"
  resolved "https://registry.yarnpkg.com/vue-loader/-/vue-loader-17.3.1.tgz#03b80e7f65727894ed6b29c65dd54ad215a40c38"
  integrity sha512-nmVu7KU8geOyzsStyyaxID/uBGDMS8BkPXb6Lu2SNkMawriIbb+hYrNtgftHMKxOSkjjjTF5OSSwPo3KP59egg==
  dependencies:
    chalk "^4.1.0"
    hash-sum "^2.0.0"
    watchpack "^2.4.0"

vue@3.3.13:
  version "3.3.13"
  resolved "https://registry.yarnpkg.com/vue/-/vue-3.3.13.tgz#f03098fa1b4e7cc88c133bef92260b55e3767002"
  integrity sha512-LDnUpQvDgsfc0u/YgtAgTMXJlJQqjkxW1PVcOnJA5cshPleULDjHi7U45pl2VJYazSSvLH8UKcid/kzH8I0a0Q==
  dependencies:
    "@vue/compiler-dom" "3.3.13"
    "@vue/compiler-sfc" "3.3.13"
    "@vue/runtime-dom" "3.3.13"
    "@vue/server-renderer" "3.3.13"
    "@vue/shared" "3.3.13"

watchpack@^2.4.0:
  version "2.4.0"
  resolved "https://registry.yarnpkg.com/watchpack/-/watchpack-2.4.0.tgz#fa33032374962c78113f93c7f2fb4c54c9862a5d"
  integrity sha512-Lcvm7MGST/4fup+ifyKi2hjyIAwcdI4HRgtvTpIUxBRhB+RFtUh8XtDOxUfctVCnhVi+QQj49i91OyvzkJl6cg==
  dependencies:
    glob-to-regexp "^0.4.1"
    graceful-fs "^4.1.2"

webpack-sources@3.2.3, webpack-sources@^3.2.3:
  version "3.2.3"
  resolved "https://registry.yarnpkg.com/webpack-sources/-/webpack-sources-3.2.3.tgz#2d4daab8451fd4b240cc27055ff6a0c2ccea0cde"
  integrity sha512-/DyMEOrDgLKKIG0fmvtz+4dUX/3Ghozwgm6iPp8KRhvn+eQf9+Q7GWxVNMk3+uCPWfdXYC4ExGBckIXdFEfH1w==

webpack@^5.89.0:
  version "5.89.0"
  resolved "https://registry.yarnpkg.com/webpack/-/webpack-5.89.0.tgz#56b8bf9a34356e93a6625770006490bf3a7f32dc"
  integrity sha512-qyfIC10pOr70V+jkmud8tMfajraGCZMBWJtrmuBymQKCrLTRejBI8STDp1MCyZu/QTdZSeacCQYpYNQVOzX5kw==
  dependencies:
    "@types/eslint-scope" "^3.7.3"
    "@types/estree" "^1.0.0"
    "@webassemblyjs/ast" "^1.11.5"
    "@webassemblyjs/wasm-edit" "^1.11.5"
    "@webassemblyjs/wasm-parser" "^1.11.5"
    acorn "^8.7.1"
    acorn-import-assertions "^1.9.0"
    browserslist "^4.14.5"
    chrome-trace-event "^1.0.2"
    enhanced-resolve "^5.15.0"
    es-module-lexer "^1.2.1"
    eslint-scope "5.1.1"
    events "^3.2.0"
    glob-to-regexp "^0.4.1"
    graceful-fs "^4.2.9"
    json-parse-even-better-errors "^2.3.1"
    loader-runner "^4.2.0"
    mime-types "^2.1.27"
    neo-async "^2.6.2"
    schema-utils "^3.2.0"
    tapable "^2.1.1"
    terser-webpack-plugin "^5.3.7"
    watchpack "^2.4.0"
    webpack-sources "^3.2.3"

zod-validation-error@1.3.1:
  version "1.3.1"
  resolved "https://registry.yarnpkg.com/zod-validation-error/-/zod-validation-error-1.3.1.tgz#7134579d2ba3994495133b879a076786c8c270f5"
  integrity sha512-cNEXpla+tREtNdAnNKY4xKY1SGOn2yzyuZMu4O0RQylX9apRpUjNcPkEc3uHIAr5Ct7LenjZt6RzjEH6+JsqVQ==

zod@^3.21.4:
  version "3.22.4"
  resolved "https://registry.yarnpkg.com/zod/-/zod-3.22.4.tgz#f31c3a9386f61b1f228af56faa9255e845cf3fff"
  integrity sha512-iC+8Io04lddc+mVqQ9AZ7OQ2MrUKGN+oIQyq1vemgt46jwCwLfhq7/pwnBnNXXXZb8VTVLKwp9EDkx+ryxIWmg==
